
Microsoft Visual Studio Solution File, Format Version 12.00
# Visual Studio 2017
Project("{FAE04EC0-301F-11D3-BF4B-00C04F79EFBC}") = "MegaByteMeltdownAndroid", "MegaByteMeltdownAndroid.csproj", "{9171D34D-D632-DDDB-EBAE-50A9224DE469}"
EndProject
Project("{FAE04EC0-301F-11D3-BF4B-00C04F79EFBC}") = "MegaByteMeltdownAndroid.Editor", "MegaByteMeltdownAndroid.Editor.csproj", "{77A047D6-1945-AB3A-668A-519403693412}"
EndProject
Global
	GlobalSection(SolutionConfigurationPlatforms) = preSolution
		Debug|Any CPU = Debug|Any CPU
		Release|Any CPU = Release|Any CPU
	EndGlobalSection
	GlobalSection(ProjectConfigurationPlatforms) = postSolution
		{9171D34D-D632-DDDB-EBAE-50A9224DE469}.Debug|Any CPU.ActiveCfg = Debug|Any CPU
		{9171D34D-D632-DDDB-EBAE-50A9224DE469}.Debug|Any CPU.Build.0 = Debug|Any CPU
		{9171D34D-D632-DDDB-EBAE-50A9224DE469}.Release|Any CPU.ActiveCfg = Release|Any CPU
		{9171D34D-D632-DDDB-EBAE-50A9224DE469}.Release|Any CPU.Build.0 = Release|Any CPU
		{77A047D6-1945-AB3A-668A-519403693412}.Debug|Any CPU.ActiveCfg = Debug|Any CPU
		{77A047D6-1945-AB3A-668A-519403693412}.Debug|Any CPU.Build.0 = Debug|Any CPU
		{77A047D6-1945-AB3A-668A-519403693412}.Release|Any CPU.ActiveCfg = Release|Any CPU
		{77A047D6-1945-AB3A-668A-519403693412}.Release|Any CPU.Build.0 = Release|Any CPU
	EndGlobalSection
	GlobalSection(SolutionProperties) = preSolution
		HideSolutionNode = FALSE
	EndGlobalSection
EndGlobal
